// !$*UTF8*$!
{
	archiveVersion = 1;
	classes = {
	};
	objectVersion = 55;
	objects = {

/* Begin PBXBuildFile section */
		2D25A4A829AF4ADE00CE1870 /* CCNavigationBar.swift in Sources */ = {isa = PBXBuildFile; fileRef = 2D25A4A729AF4ADE00CE1870 /* CCNavigationBar.swift */; };
		2D25A4AA29B0722B00CE1870 /* CCPersonDetailViewController.swift in Sources */ = {isa = PBXBuildFile; fileRef = 2D25A4A929B0722B00CE1870 /* CCPersonDetailViewController.swift */; };
		2D25A4AC29B09DDA00CE1870 /* CCHomeSubViewController.swift in Sources */ = {isa = PBXBuildFile; fileRef = 2D25A4AB29B09DDA00CE1870 /* CCHomeSubViewController.swift */; };
		2D25A4B029B0AEC200CE1870 /* CCBaseSubViewController.swift in Sources */ = {isa = PBXBuildFile; fileRef = 2D25A4AF29B0AEC200CE1870 /* CCBaseSubViewController.swift */; };
		2D25A4B229B333EC00CE1870 /* CCNavigationController.swift in Sources */ = {isa = PBXBuildFile; fileRef = 2D25A4B129B333EC00CE1870 /* CCNavigationController.swift */; };
		2D25A4DB29B39B4F00CE1870 /* Http.swift in Sources */ = {isa = PBXBuildFile; fileRef = 2D25A4DA29B39B4F00CE1870 /* Http.swift */; };
		2D6A7A0729AC823F0077D68C /* AppDelegate.swift in Sources */ = {isa = PBXBuildFile; fileRef = 2D6A7A0629AC823F0077D68C /* AppDelegate.swift */; };
		2D6A7A0E29AC823F0077D68C /* Main.storyboard in Resources */ = {isa = PBXBuildFile; fileRef = 2D6A7A0C29AC823F0077D68C /* Main.storyboard */; };
		2D6A7A1029AC82400077D68C /* Assets.xcassets in Resources */ = {isa = PBXBuildFile; fileRef = 2D6A7A0F29AC82400077D68C /* Assets.xcassets */; };
		2D6A7A1329AC82400077D68C /* LaunchScreen.storyboard in Resources */ = {isa = PBXBuildFile; fileRef = 2D6A7A1129AC82400077D68C /* LaunchScreen.storyboard */; };
		2D6A7A1E29AC82410077D68C /* ChatProjectTests.swift in Sources */ = {isa = PBXBuildFile; fileRef = 2D6A7A1D29AC82410077D68C /* ChatProjectTests.swift */; };
		2D6A7A2829AC82410077D68C /* ChatProjectUITests.swift in Sources */ = {isa = PBXBuildFile; fileRef = 2D6A7A2729AC82410077D68C /* ChatProjectUITests.swift */; };
		2D6A7A2A29AC82410077D68C /* ChatProjectUITestsLaunchTests.swift in Sources */ = {isa = PBXBuildFile; fileRef = 2D6A7A2929AC82410077D68C /* ChatProjectUITestsLaunchTests.swift */; };
		2D6A7A4929AC84920077D68C /* CCHomeViewController.swift in Sources */ = {isa = PBXBuildFile; fileRef = 2D6A7A4829AC84920077D68C /* CCHomeViewController.swift */; };
		2D6A7A4B29AC84AF0077D68C /* CCDynamicViewController.swift in Sources */ = {isa = PBXBuildFile; fileRef = 2D6A7A4A29AC84AF0077D68C /* CCDynamicViewController.swift */; };
		2D6A7A4D29AC84C00077D68C /* CCChatViewController.swift in Sources */ = {isa = PBXBuildFile; fileRef = 2D6A7A4C29AC84C00077D68C /* CCChatViewController.swift */; };
		2D6A7A4F29AC84CE0077D68C /* CCMineViewController.swift in Sources */ = {isa = PBXBuildFile; fileRef = 2D6A7A4E29AC84CE0077D68C /* CCMineViewController.swift */; };
		2D6A7A5229AC85360077D68C /* CCTabBarController.swift in Sources */ = {isa = PBXBuildFile; fileRef = 2D6A7A5129AC85360077D68C /* CCTabBarController.swift */; };
		2D6A7A5429AC854E0077D68C /* CCTabBar.swift in Sources */ = {isa = PBXBuildFile; fileRef = 2D6A7A5329AC854E0077D68C /* CCTabBar.swift */; };
		2D6A7A5629AC861E0077D68C /* ViewController.swift in Sources */ = {isa = PBXBuildFile; fileRef = 2D6A7A5529AC861E0077D68C /* ViewController.swift */; };
		2D6A7A5D29ACA6EF0077D68C /* gg_che.svga in Resources */ = {isa = PBXBuildFile; fileRef = 2D6A7A5829ACA6EF0077D68C /* gg_che.svga */; };
		2D6A7A5E29ACA6EF0077D68C /* xiangwen001.svga in Resources */ = {isa = PBXBuildFile; fileRef = 2D6A7A5929ACA6EF0077D68C /* xiangwen001.svga */; };
		2D6A7A5F29ACA6EF0077D68C /* hmotuo.svga in Resources */ = {isa = PBXBuildFile; fileRef = 2D6A7A5A29ACA6EF0077D68C /* hmotuo.svga */; };
		2D6A7A6029ACA6EF0077D68C /* mini375.svga in Resources */ = {isa = PBXBuildFile; fileRef = 2D6A7A5B29ACA6EF0077D68C /* mini375.svga */; };
		2D6A7A6129ACA6EF0077D68C /* kemailuo375.svga in Resources */ = {isa = PBXBuildFile; fileRef = 2D6A7A5C29ACA6EF0077D68C /* kemailuo375.svga */; };
		2DB3EE0429ADAAA000530219 /* Extension.swift in Sources */ = {isa = PBXBuildFile; fileRef = 2DB3EE0329ADAAA000530219 /* Extension.swift */; };
		2DB3EE0629ADACBA00530219 /* Macro.swift in Sources */ = {isa = PBXBuildFile; fileRef = 2DB3EE0529ADACBA00530219 /* Macro.swift */; };
		2DB3EE0829ADD81400530219 /* CCBaseViewController.swift in Sources */ = {isa = PBXBuildFile; fileRef = 2DB3EE0729ADD81400530219 /* CCBaseViewController.swift */; };
		C855F44904C45614503EF0AE /* Pods_ChatProject.framework in Frameworks */ = {isa = PBXBuildFile; fileRef = 008B19A81663DED4E1568FAE /* Pods_ChatProject.framework */; };
		DF5529A6FA018AC485B3072B /* Pods_ChatProjectTests.framework in Frameworks */ = {isa = PBXBuildFile; fileRef = 47CB09242922DEE3F0E21777 /* Pods_ChatProjectTests.framework */; };
		FD5BDE852B953246E27A1FC4 /* Pods_ChatProject_ChatProjectUITests.framework in Frameworks */ = {isa = PBXBuildFile; fileRef = 7922A51DB33C7AB4326432C0 /* Pods_ChatProject_ChatProjectUITests.framework */; };
/* End PBXBuildFile section */

/* Begin PBXContainerItemProxy section */
		2D6A7A1A29AC82410077D68C /* PBXContainerItemProxy */ = {
			isa = PBXContainerItemProxy;
			containerPortal = 2D6A79FB29AC823F0077D68C /* Project object */;
			proxyType = 1;
			remoteGlobalIDString = 2D6A7A0229AC823F0077D68C;
			remoteInfo = ChatProject;
		};
		2D6A7A2429AC82410077D68C /* PBXContainerItemProxy */ = {
			isa = PBXContainerItemProxy;
			containerPortal = 2D6A79FB29AC823F0077D68C /* Project object */;
			proxyType = 1;
			remoteGlobalIDString = 2D6A7A0229AC823F0077D68C;
			remoteInfo = ChatProject;
		};
/* End PBXContainerItemProxy section */

/* Begin PBXFileReference section */
		008B19A81663DED4E1568FAE /* Pods_ChatProject.framework */ = {isa = PBXFileReference; explicitFileType = wrapper.framework; includeInIndex = 0; path = Pods_ChatProject.framework; sourceTree = BUILT_PRODUCTS_DIR; };
		25F18BE117BCCB0CB819AB09 /* Pods-ChatProjectTests.debug.xcconfig */ = {isa = PBXFileReference; includeInIndex = 1; lastKnownFileType = text.xcconfig; name = "Pods-ChatProjectTests.debug.xcconfig"; path = "Target Support Files/Pods-ChatProjectTests/Pods-ChatProjectTests.debug.xcconfig"; sourceTree = "<group>"; };
		2D25A4A729AF4ADE00CE1870 /* CCNavigationBar.swift */ = {isa = PBXFileReference; lastKnownFileType = sourcecode.swift; path = CCNavigationBar.swift; sourceTree = "<group>"; };
		2D25A4A929B0722B00CE1870 /* CCPersonDetailViewController.swift */ = {isa = PBXFileReference; lastKnownFileType = sourcecode.swift; path = CCPersonDetailViewController.swift; sourceTree = "<group>"; };
		2D25A4AB29B09DDA00CE1870 /* CCHomeSubViewController.swift */ = {isa = PBXFileReference; lastKnownFileType = sourcecode.swift; path = CCHomeSubViewController.swift; sourceTree = "<group>"; };
		2D25A4AF29B0AEC200CE1870 /* CCBaseSubViewController.swift */ = {isa = PBXFileReference; lastKnownFileType = sourcecode.swift; path = CCBaseSubViewController.swift; sourceTree = "<group>"; };
		2D25A4B129B333EC00CE1870 /* CCNavigationController.swift */ = {isa = PBXFileReference; lastKnownFileType = sourcecode.swift; path = CCNavigationController.swift; sourceTree = "<group>"; };
		2D25A4DA29B39B4F00CE1870 /* Http.swift */ = {isa = PBXFileReference; lastKnownFileType = sourcecode.swift; path = Http.swift; sourceTree = "<group>"; };
		2D6A7A0329AC823F0077D68C /* ChatProject.app */ = {isa = PBXFileReference; explicitFileType = wrapper.application; includeInIndex = 0; path = ChatProject.app; sourceTree = BUILT_PRODUCTS_DIR; };
		2D6A7A0629AC823F0077D68C /* AppDelegate.swift */ = {isa = PBXFileReference; lastKnownFileType = sourcecode.swift; path = AppDelegate.swift; sourceTree = "<group>"; };
		2D6A7A0D29AC823F0077D68C /* Base */ = {isa = PBXFileReference; lastKnownFileType = file.storyboard; name = Base; path = Base.lproj/Main.storyboard; sourceTree = "<group>"; };
		2D6A7A0F29AC82400077D68C /* Assets.xcassets */ = {isa = PBXFileReference; lastKnownFileType = folder.assetcatalog; path = Assets.xcassets; sourceTree = "<group>"; };
		2D6A7A1229AC82400077D68C /* Base */ = {isa = PBXFileReference; lastKnownFileType = file.storyboard; name = Base; path = Base.lproj/LaunchScreen.storyboard; sourceTree = "<group>"; };
		2D6A7A1429AC82400077D68C /* Info.plist */ = {isa = PBXFileReference; lastKnownFileType = text.plist.xml; path = Info.plist; sourceTree = "<group>"; };
		2D6A7A1929AC82410077D68C /* ChatProjectTests.xctest */ = {isa = PBXFileReference; explicitFileType = wrapper.cfbundle; includeInIndex = 0; path = ChatProjectTests.xctest; sourceTree = BUILT_PRODUCTS_DIR; };
		2D6A7A1D29AC82410077D68C /* ChatProjectTests.swift */ = {isa = PBXFileReference; lastKnownFileType = sourcecode.swift; path = ChatProjectTests.swift; sourceTree = "<group>"; };
		2D6A7A2329AC82410077D68C /* ChatProjectUITests.xctest */ = {isa = PBXFileReference; explicitFileType = wrapper.cfbundle; includeInIndex = 0; path = ChatProjectUITests.xctest; sourceTree = BUILT_PRODUCTS_DIR; };
		2D6A7A2729AC82410077D68C /* ChatProjectUITests.swift */ = {isa = PBXFileReference; lastKnownFileType = sourcecode.swift; path = ChatProjectUITests.swift; sourceTree = "<group>"; };
		2D6A7A2929AC82410077D68C /* ChatProjectUITestsLaunchTests.swift */ = {isa = PBXFileReference; lastKnownFileType = sourcecode.swift; path = ChatProjectUITestsLaunchTests.swift; sourceTree = "<group>"; };
		2D6A7A4829AC84920077D68C /* CCHomeViewController.swift */ = {isa = PBXFileReference; lastKnownFileType = sourcecode.swift; path = CCHomeViewController.swift; sourceTree = "<group>"; };
		2D6A7A4A29AC84AF0077D68C /* CCDynamicViewController.swift */ = {isa = PBXFileReference; lastKnownFileType = sourcecode.swift; path = CCDynamicViewController.swift; sourceTree = "<group>"; };
		2D6A7A4C29AC84C00077D68C /* CCChatViewController.swift */ = {isa = PBXFileReference; lastKnownFileType = sourcecode.swift; path = CCChatViewController.swift; sourceTree = "<group>"; };
		2D6A7A4E29AC84CE0077D68C /* CCMineViewController.swift */ = {isa = PBXFileReference; lastKnownFileType = sourcecode.swift; path = CCMineViewController.swift; sourceTree = "<group>"; };
		2D6A7A5129AC85360077D68C /* CCTabBarController.swift */ = {isa = PBXFileReference; lastKnownFileType = sourcecode.swift; path = CCTabBarController.swift; sourceTree = "<group>"; };
		2D6A7A5329AC854E0077D68C /* CCTabBar.swift */ = {isa = PBXFileReference; lastKnownFileType = sourcecode.swift; path = CCTabBar.swift; sourceTree = "<group>"; };
		2D6A7A5529AC861E0077D68C /* ViewController.swift */ = {isa = PBXFileReference; fileEncoding = 4; lastKnownFileType = sourcecode.swift; path = ViewController.swift; sourceTree = "<group>"; };
		2D6A7A5829ACA6EF0077D68C /* gg_che.svga */ = {isa = PBXFileReference; lastKnownFileType = file; path = gg_che.svga; sourceTree = "<group>"; };
		2D6A7A5929ACA6EF0077D68C /* xiangwen001.svga */ = {isa = PBXFileReference; lastKnownFileType = file; path = xiangwen001.svga; sourceTree = "<group>"; };
		2D6A7A5A29ACA6EF0077D68C /* hmotuo.svga */ = {isa = PBXFileReference; lastKnownFileType = file; path = hmotuo.svga; sourceTree = "<group>"; };
		2D6A7A5B29ACA6EF0077D68C /* mini375.svga */ = {isa = PBXFileReference; lastKnownFileType = file; path = mini375.svga; sourceTree = "<group>"; };
		2D6A7A5C29ACA6EF0077D68C /* kemailuo375.svga */ = {isa = PBXFileReference; lastKnownFileType = file; path = kemailuo375.svga; sourceTree = "<group>"; };
		2DB3EE0329ADAAA000530219 /* Extension.swift */ = {isa = PBXFileReference; lastKnownFileType = sourcecode.swift; path = Extension.swift; sourceTree = "<group>"; };
		2DB3EE0529ADACBA00530219 /* Macro.swift */ = {isa = PBXFileReference; lastKnownFileType = sourcecode.swift; path = Macro.swift; sourceTree = "<group>"; };
		2DB3EE0729ADD81400530219 /* CCBaseViewController.swift */ = {isa = PBXFileReference; lastKnownFileType = sourcecode.swift; path = CCBaseViewController.swift; sourceTree = "<group>"; };
		47CB09242922DEE3F0E21777 /* Pods_ChatProjectTests.framework */ = {isa = PBXFileReference; explicitFileType = wrapper.framework; includeInIndex = 0; path = Pods_ChatProjectTests.framework; sourceTree = BUILT_PRODUCTS_DIR; };
		709939D397CAA38A237385E5 /* Pods-ChatProject-ChatProjectUITests.debug.xcconfig */ = {isa = PBXFileReference; includeInIndex = 1; lastKnownFileType = text.xcconfig; name = "Pods-ChatProject-ChatProjectUITests.debug.xcconfig"; path = "Target Support Files/Pods-ChatProject-ChatProjectUITests/Pods-ChatProject-ChatProjectUITests.debug.xcconfig"; sourceTree = "<group>"; };
		7922A51DB33C7AB4326432C0 /* Pods_ChatProject_ChatProjectUITests.framework */ = {isa = PBXFileReference; explicitFileType = wrapper.framework; includeInIndex = 0; path = Pods_ChatProject_ChatProjectUITests.framework; sourceTree = BUILT_PRODUCTS_DIR; };
		8DD10B4F76F26F84547576BD /* Pods-ChatProject-ChatProjectUITests.release.xcconfig */ = {isa = PBXFileReference; includeInIndex = 1; lastKnownFileType = text.xcconfig; name = "Pods-ChatProject-ChatProjectUITests.release.xcconfig"; path = "Target Support Files/Pods-ChatProject-ChatProjectUITests/Pods-ChatProject-ChatProjectUITests.release.xcconfig"; sourceTree = "<group>"; };
		C415FA38482446715CD1BB7C /* Pods-ChatProjectTests.release.xcconfig */ = {isa = PBXFileReference; includeInIndex = 1; lastKnownFileType = text.xcconfig; name = "Pods-ChatProjectTests.release.xcconfig"; path = "Target Support Files/Pods-ChatProjectTests/Pods-ChatProjectTests.release.xcconfig"; sourceTree = "<group>"; };
		E05CA0AFBB793919798C1D4C /* Pods-ChatProject.release.xcconfig */ = {isa = PBXFileReference; includeInIndex = 1; lastKnownFileType = text.xcconfig; name = "Pods-ChatProject.release.xcconfig"; path = "Target Support Files/Pods-ChatProject/Pods-ChatProject.release.xcconfig"; sourceTree = "<group>"; };
		F829016677C8B8559993FE57 /* Pods-ChatProject.debug.xcconfig */ = {isa = PBXFileReference; includeInIndex = 1; lastKnownFileType = text.xcconfig; name = "Pods-ChatProject.debug.xcconfig"; path = "Target Support Files/Pods-ChatProject/Pods-ChatProject.debug.xcconfig"; sourceTree = "<group>"; };
/* End PBXFileReference section */

/* Begin PBXFrameworksBuildPhase section */
		2D6A7A0029AC823F0077D68C /* Frameworks */ = {
			isa = PBXFrameworksBuildPhase;
			buildActionMask = 2147483647;
			files = (
				C855F44904C45614503EF0AE /* Pods_ChatProject.framework in Frameworks */,
			);
			runOnlyForDeploymentPostprocessing = 0;
		};
		2D6A7A1629AC82410077D68C /* Frameworks */ = {
			isa = PBXFrameworksBuildPhase;
			buildActionMask = 2147483647;
			files = (
				DF5529A6FA018AC485B3072B /* Pods_ChatProjectTests.framework in Frameworks */,
			);
			runOnlyForDeploymentPostprocessing = 0;
		};
		2D6A7A2029AC82410077D68C /* Frameworks */ = {
			isa = PBXFrameworksBuildPhase;
			buildActionMask = 2147483647;
			files = (
				FD5BDE852B953246E27A1FC4 /* Pods_ChatProject_ChatProjectUITests.framework in Frameworks */,
			);
			runOnlyForDeploymentPostprocessing = 0;
		};
/* End PBXFrameworksBuildPhase section */

/* Begin PBXGroup section */
		2D25A4A629AF4A9800CE1870 /* Nav */ = {
			isa = PBXGroup;
			children = (
				2D25A4A729AF4ADE00CE1870 /* CCNavigationBar.swift */,
				2D25A4B129B333EC00CE1870 /* CCNavigationController.swift */,
			);
			path = Nav;
			sourceTree = "<group>";
		};
		2D25A4D929B39B2C00CE1870 /* Net */ = {
			isa = PBXGroup;
			children = (
				2D25A4DA29B39B4F00CE1870 /* Http.swift */,
			);
			path = Net;
			sourceTree = "<group>";
		};
		2D6A79FA29AC823F0077D68C = {
			isa = PBXGroup;
			children = (
				2D6A7A0529AC823F0077D68C /* ChatProject */,
				2D6A7A1C29AC82410077D68C /* ChatProjectTests */,
				2D6A7A2629AC82410077D68C /* ChatProjectUITests */,
				2D6A7A0429AC823F0077D68C /* Products */,
				993DE03A157822D4A72F707E /* Pods */,
				C4991B012B574B177FD7EBAB /* Frameworks */,
			);
			sourceTree = "<group>";
		};
		2D6A7A0429AC823F0077D68C /* Products */ = {
			isa = PBXGroup;
			children = (
				2D6A7A0329AC823F0077D68C /* ChatProject.app */,
				2D6A7A1929AC82410077D68C /* ChatProjectTests.xctest */,
				2D6A7A2329AC82410077D68C /* ChatProjectUITests.xctest */,
			);
			name = Products;
			sourceTree = "<group>";
		};
		2D6A7A0529AC823F0077D68C /* ChatProject */ = {
			isa = PBXGroup;
			children = (
				2D6A7A5729ACA6EF0077D68C /* svga */,
				2D6A7A3629AC83BC0077D68C /* Classes */,
				2D6A7A0629AC823F0077D68C /* AppDelegate.swift */,
				2D6A7A0C29AC823F0077D68C /* Main.storyboard */,
				2D6A7A5529AC861E0077D68C /* ViewController.swift */,
				2D6A7A0F29AC82400077D68C /* Assets.xcassets */,
				2D6A7A1129AC82400077D68C /* LaunchScreen.storyboard */,
				2D6A7A1429AC82400077D68C /* Info.plist */,
			);
			path = ChatProject;
			sourceTree = "<group>";
		};
		2D6A7A1C29AC82410077D68C /* ChatProjectTests */ = {
			isa = PBXGroup;
			children = (
				2D6A7A1D29AC82410077D68C /* ChatProjectTests.swift */,
			);
			path = ChatProjectTests;
			sourceTree = "<group>";
		};
		2D6A7A2629AC82410077D68C /* ChatProjectUITests */ = {
			isa = PBXGroup;
			children = (
				2D6A7A2729AC82410077D68C /* ChatProjectUITests.swift */,
				2D6A7A2929AC82410077D68C /* ChatProjectUITestsLaunchTests.swift */,
			);
			path = ChatProjectUITests;
			sourceTree = "<group>";
		};
		2D6A7A3629AC83BC0077D68C /* Classes */ = {
			isa = PBXGroup;
			children = (
				2D25A4D929B39B2C00CE1870 /* Net */,
				2D25A4A629AF4A9800CE1870 /* Nav */,
				2DB3EE0229ADAA6B00530219 /* Extension */,
				2D6A7A5029AC84F90077D68C /* Tabbar */,
				2D6A7A3B29AC84150077D68C /* Mine */,
				2D6A7A3A29AC84080077D68C /* Chat */,
				2D6A7A3929AC83F80077D68C /* Dynamic */,
				2D6A7A3829AC83E60077D68C /* Home */,
				2D6A7A3729AC83CD0077D68C /* Base */,
			);
			path = Classes;
			sourceTree = "<group>";
		};
		2D6A7A3729AC83CD0077D68C /* Base */ = {
			isa = PBXGroup;
			children = (
				2DB3EE0729ADD81400530219 /* CCBaseViewController.swift */,
				2D25A4AF29B0AEC200CE1870 /* CCBaseSubViewController.swift */,
			);
			path = Base;
			sourceTree = "<group>";
		};
		2D6A7A3829AC83E60077D68C /* Home */ = {
			isa = PBXGroup;
			children = (
				2D6A7A4729AC846B0077D68C /* View */,
				2D6A7A4329AC84560077D68C /* Model */,
				2D6A7A3F29AC84390077D68C /* VC */,
			);
			path = Home;
			sourceTree = "<group>";
		};
		2D6A7A3929AC83F80077D68C /* Dynamic */ = {
			isa = PBXGroup;
			children = (
				2D6A7A4629AC84670077D68C /* View */,
				2D6A7A4229AC84520077D68C /* Model */,
				2D6A7A3E29AC84330077D68C /* VC */,
			);
			path = Dynamic;
			sourceTree = "<group>";
		};
		2D6A7A3A29AC84080077D68C /* Chat */ = {
			isa = PBXGroup;
			children = (
				2D6A7A4529AC84630077D68C /* View */,
				2D6A7A4129AC844E0077D68C /* Model */,
				2D6A7A3D29AC842F0077D68C /* VC */,
			);
			path = Chat;
			sourceTree = "<group>";
		};
		2D6A7A3B29AC84150077D68C /* Mine */ = {
			isa = PBXGroup;
			children = (
				2D6A7A4429AC845F0077D68C /* View */,
				2D6A7A4029AC844A0077D68C /* Model */,
				2D6A7A3C29AC84290077D68C /* VC */,
			);
			path = Mine;
			sourceTree = "<group>";
		};
		2D6A7A3C29AC84290077D68C /* VC */ = {
			isa = PBXGroup;
			children = (
				2D6A7A4E29AC84CE0077D68C /* CCMineViewController.swift */,
			);
			path = VC;
			sourceTree = "<group>";
		};
		2D6A7A3D29AC842F0077D68C /* VC */ = {
			isa = PBXGroup;
			children = (
				2D6A7A4C29AC84C00077D68C /* CCChatViewController.swift */,
			);
			path = VC;
			sourceTree = "<group>";
		};
		2D6A7A3E29AC84330077D68C /* VC */ = {
			isa = PBXGroup;
			children = (
				2D6A7A4A29AC84AF0077D68C /* CCDynamicViewController.swift */,
			);
			path = VC;
			sourceTree = "<group>";
		};
		2D6A7A3F29AC84390077D68C /* VC */ = {
			isa = PBXGroup;
			children = (
				2D6A7A4829AC84920077D68C /* CCHomeViewController.swift */,
				2D25A4AB29B09DDA00CE1870 /* CCHomeSubViewController.swift */,
				2D25A4A929B0722B00CE1870 /* CCPersonDetailViewController.swift */,
			);
			path = VC;
			sourceTree = "<group>";
		};
		2D6A7A4029AC844A0077D68C /* Model */ = {
			isa = PBXGroup;
			children = (
			);
			path = Model;
			sourceTree = "<group>";
		};
		2D6A7A4129AC844E0077D68C /* Model */ = {
			isa = PBXGroup;
			children = (
			);
			path = Model;
			sourceTree = "<group>";
		};
		2D6A7A4229AC84520077D68C /* Model */ = {
			isa = PBXGroup;
			children = (
			);
			path = Model;
			sourceTree = "<group>";
		};
		2D6A7A4329AC84560077D68C /* Model */ = {
			isa = PBXGroup;
			children = (
			);
			path = Model;
			sourceTree = "<group>";
		};
		2D6A7A4429AC845F0077D68C /* View */ = {
			isa = PBXGroup;
			children = (
			);
			path = View;
			sourceTree = "<group>";
		};
		2D6A7A4529AC84630077D68C /* View */ = {
			isa = PBXGroup;
			children = (
			);
			path = View;
			sourceTree = "<group>";
		};
		2D6A7A4629AC84670077D68C /* View */ = {
			isa = PBXGroup;
			children = (
			);
			path = View;
			sourceTree = "<group>";
		};
		2D6A7A4729AC846B0077D68C /* View */ = {
			isa = PBXGroup;
			children = (
			);
			path = View;
			sourceTree = "<group>";
		};
		2D6A7A5029AC84F90077D68C /* Tabbar */ = {
			isa = PBXGroup;
			children = (
				2D6A7A5129AC85360077D68C /* CCTabBarController.swift */,
				2D6A7A5329AC854E0077D68C /* CCTabBar.swift */,
			);
			path = Tabbar;
			sourceTree = "<group>";
		};
		2D6A7A5729ACA6EF0077D68C /* svga */ = {
			isa = PBXGroup;
			children = (
				2D6A7A5829ACA6EF0077D68C /* gg_che.svga */,
				2D6A7A5929ACA6EF0077D68C /* xiangwen001.svga */,
				2D6A7A5A29ACA6EF0077D68C /* hmotuo.svga */,
				2D6A7A5B29ACA6EF0077D68C /* mini375.svga */,
				2D6A7A5C29ACA6EF0077D68C /* kemailuo375.svga */,
			);
			path = svga;
			sourceTree = "<group>";
		};
		2DB3EE0229ADAA6B00530219 /* Extension */ = {
			isa = PBXGroup;
			children = (
				2DB3EE0329ADAAA000530219 /* Extension.swift */,
				2DB3EE0529ADACBA00530219 /* Macro.swift */,
			);
			path = Extension;
			sourceTree = "<group>";
		};
		993DE03A157822D4A72F707E /* Pods */ = {
			isa = PBXGroup;
			children = (
				F829016677C8B8559993FE57 /* Pods-ChatProject.debug.xcconfig */,
				E05CA0AFBB793919798C1D4C /* Pods-ChatProject.release.xcconfig */,
				709939D397CAA38A237385E5 /* Pods-ChatProject-ChatProjectUITests.debug.xcconfig */,
				8DD10B4F76F26F84547576BD /* Pods-ChatProject-ChatProjectUITests.release.xcconfig */,
				25F18BE117BCCB0CB819AB09 /* Pods-ChatProjectTests.debug.xcconfig */,
				C415FA38482446715CD1BB7C /* Pods-ChatProjectTests.release.xcconfig */,
			);
			path = Pods;
			sourceTree = "<group>";
		};
		C4991B012B574B177FD7EBAB /* Frameworks */ = {
			isa = PBXGroup;
			children = (
				008B19A81663DED4E1568FAE /* Pods_ChatProject.framework */,
				7922A51DB33C7AB4326432C0 /* Pods_ChatProject_ChatProjectUITests.framework */,
				47CB09242922DEE3F0E21777 /* Pods_ChatProjectTests.framework */,
			);
			name = Frameworks;
			sourceTree = "<group>";
		};
/* End PBXGroup section */

/* Begin PBXNativeTarget section */
		2D6A7A0229AC823F0077D68C /* ChatProject */ = {
			isa = PBXNativeTarget;
			buildConfigurationList = 2D6A7A2D29AC82410077D68C /* Build configuration list for PBXNativeTarget "ChatProject" */;
			buildPhases = (
				87F9E2ECC3EB3EDA878BC116 /* [CP] Check Pods Manifest.lock */,
				2D6A79FF29AC823F0077D68C /* Sources */,
				2D6A7A0029AC823F0077D68C /* Frameworks */,
				2D6A7A0129AC823F0077D68C /* Resources */,
				827E70BAD3BFF7DF1805A224 /* [CP] Embed Pods Frameworks */,
			);
			buildRules = (
			);
			dependencies = (
			);
			name = ChatProject;
			productName = ChatProject;
			productReference = 2D6A7A0329AC823F0077D68C /* ChatProject.app */;
			productType = "com.apple.product-type.application";
		};
		2D6A7A1829AC82410077D68C /* ChatProjectTests */ = {
			isa = PBXNativeTarget;
			buildConfigurationList = 2D6A7A3029AC82410077D68C /* Build configuration list for PBXNativeTarget "ChatProjectTests" */;
			buildPhases = (
				2AE00C9E19F69FF50001985F /* [CP] Check Pods Manifest.lock */,
				2D6A7A1529AC82410077D68C /* Sources */,
				2D6A7A1629AC82410077D68C /* Frameworks */,
				2D6A7A1729AC82410077D68C /* Resources */,
			);
			buildRules = (
			);
			dependencies = (
				2D6A7A1B29AC82410077D68C /* PBXTargetDependency */,
			);
			name = ChatProjectTests;
			productName = ChatProjectTests;
			productReference = 2D6A7A1929AC82410077D68C /* ChatProjectTests.xctest */;
			productType = "com.apple.product-type.bundle.unit-test";
		};
		2D6A7A2229AC82410077D68C /* ChatProjectUITests */ = {
			isa = PBXNativeTarget;
			buildConfigurationList = 2D6A7A3329AC82410077D68C /* Build configuration list for PBXNativeTarget "ChatProjectUITests" */;
			buildPhases = (
				BC0A715357E6B51BBB395FFD /* [CP] Check Pods Manifest.lock */,
				2D6A7A1F29AC82410077D68C /* Sources */,
				2D6A7A2029AC82410077D68C /* Frameworks */,
				2D6A7A2129AC82410077D68C /* Resources */,
				3F56528CF3D251A4FCA668D7 /* [CP] Embed Pods Frameworks */,
			);
			buildRules = (
			);
			dependencies = (
				2D6A7A2529AC82410077D68C /* PBXTargetDependency */,
			);
			name = ChatProjectUITests;
			productName = ChatProjectUITests;
			productReference = 2D6A7A2329AC82410077D68C /* ChatProjectUITests.xctest */;
			productType = "com.apple.product-type.bundle.ui-testing";
		};
/* End PBXNativeTarget section */

/* Begin PBXProject section */
		2D6A79FB29AC823F0077D68C /* Project object */ = {
			isa = PBXProject;
			attributes = {
				BuildIndependentTargetsInParallel = 1;
				LastSwiftUpdateCheck = 1340;
				LastUpgradeCheck = 1340;
				TargetAttributes = {
					2D6A7A0229AC823F0077D68C = {
						CreatedOnToolsVersion = 13.4.1;
					};
					2D6A7A1829AC82410077D68C = {
						CreatedOnToolsVersion = 13.4.1;
						TestTargetID = 2D6A7A0229AC823F0077D68C;
					};
					2D6A7A2229AC82410077D68C = {
						CreatedOnToolsVersion = 13.4.1;
						TestTargetID = 2D6A7A0229AC823F0077D68C;
					};
				};
			};
			buildConfigurationList = 2D6A79FE29AC823F0077D68C /* Build configuration list for PBXProject "ChatProject" */;
			compatibilityVersion = "Xcode 13.0";
			developmentRegion = en;
			hasScannedForEncodings = 0;
			knownRegions = (
				en,
				Base,
			);
			mainGroup = 2D6A79FA29AC823F0077D68C;
			productRefGroup = 2D6A7A0429AC823F0077D68C /* Products */;
			projectDirPath = "";
			projectRoot = "";
			targets = (
				2D6A7A0229AC823F0077D68C /* ChatProject */,
				2D6A7A1829AC82410077D68C /* ChatProjectTests */,
				2D6A7A2229AC82410077D68C /* ChatProjectUITests */,
			);
		};
/* End PBXProject section */

/* Begin PBXResourcesBuildPhase section */
		2D6A7A0129AC823F0077D68C /* Resources */ = {
			isa = PBXResourcesBuildPhase;
			buildActionMask = 2147483647;
			files = (
				2D6A7A5F29ACA6EF0077D68C /* hmotuo.svga in Resources */,
				2D6A7A6029ACA6EF0077D68C /* mini375.svga in Resources */,
				2D6A7A1329AC82400077D68C /* LaunchScreen.storyboard in Resources */,
				2D6A7A1029AC82400077D68C /* Assets.xcassets in Resources */,
				2D6A7A0E29AC823F0077D68C /* Main.storyboard in Resources */,
				2D6A7A6129ACA6EF0077D68C /* kemailuo375.svga in Resources */,
				2D6A7A5E29ACA6EF0077D68C /* xiangwen001.svga in Resources */,
				2D6A7A5D29ACA6EF0077D68C /* gg_che.svga in Resources */,
			);
			runOnlyForDeploymentPostprocessing = 0;
		};
		2D6A7A1729AC82410077D68C /* Resources */ = {
			isa = PBXResourcesBuildPhase;
			buildActionMask = 2147483647;
			files = (
			);
			runOnlyForDeploymentPostprocessing = 0;
		};
		2D6A7A2129AC82410077D68C /* Resources */ = {
			isa = PBXResourcesBuildPhase;
			buildActionMask = 2147483647;
			files = (
			);
			runOnlyForDeploymentPostprocessing = 0;
		};
/* End PBXResourcesBuildPhase section */

/* Begin PBXShellScriptBuildPhase section */
		2AE00C9E19F69FF50001985F /* [CP] Check Pods Manifest.lock */ = {
			isa = PBXShellScriptBuildPhase;
			buildActionMask = 2147483647;
			files = (
			);
			inputFileListPaths = (
			);
			inputPaths = (
				"${PODS_PODFILE_DIR_PATH}/Podfile.lock",
				"${PODS_ROOT}/Manifest.lock",
			);
			name = "[CP] Check Pods Manifest.lock";
			outputFileListPaths = (
			);
			outputPaths = (
				"$(DERIVED_FILE_DIR)/Pods-ChatProjectTests-checkManifestLockResult.txt",
			);
			runOnlyForDeploymentPostprocessing = 0;
			shellPath = /bin/sh;
			shellScript = "diff \"${PODS_PODFILE_DIR_PATH}/Podfile.lock\" \"${PODS_ROOT}/Manifest.lock\" > /dev/null\nif [ $? != 0 ] ; then\n    # print error to STDERR\n    echo \"error: The sandbox is not in sync with the Podfile.lock. Run 'pod install' or update your CocoaPods installation.\" >&2\n    exit 1\nfi\n# This output is used by Xcode 'outputs' to avoid re-running this script phase.\necho \"SUCCESS\" > \"${SCRIPT_OUTPUT_FILE_0}\"\n";
			showEnvVarsInLog = 0;
		};
		3F56528CF3D251A4FCA668D7 /* [CP] Embed Pods Frameworks */ = {
			isa = PBXShellScriptBuildPhase;
			buildActionMask = 2147483647;
			files = (
			);
			inputFileListPaths = (
				"${PODS_ROOT}/Target Support Files/Pods-ChatProject-ChatProjectUITests/Pods-ChatProject-ChatProjectUITests-frameworks-${CONFIGURATION}-input-files.xcfilelist",
			);
			name = "[CP] Embed Pods Frameworks";
			outputFileListPaths = (
				"${PODS_ROOT}/Target Support Files/Pods-ChatProject-ChatProjectUITests/Pods-ChatProject-ChatProjectUITests-frameworks-${CONFIGURATION}-output-files.xcfilelist",
			);
			runOnlyForDeploymentPostprocessing = 0;
			shellPath = /bin/sh;
			shellScript = "\"${PODS_ROOT}/Target Support Files/Pods-ChatProject-ChatProjectUITests/Pods-ChatProject-ChatProjectUITests-frameworks.sh\"\n";
			showEnvVarsInLog = 0;
		};
		827E70BAD3BFF7DF1805A224 /* [CP] Embed Pods Frameworks */ = {
			isa = PBXShellScriptBuildPhase;
			buildActionMask = 2147483647;
			files = (
			);
			inputFileListPaths = (
				"${PODS_ROOT}/Target Support Files/Pods-ChatProject/Pods-ChatProject-frameworks-${CONFIGURATION}-input-files.xcfilelist",
			);
			name = "[CP] Embed Pods Frameworks";
			outputFileListPaths = (
				"${PODS_ROOT}/Target Support Files/Pods-ChatProject/Pods-ChatProject-frameworks-${CONFIGURATION}-output-files.xcfilelist",
			);
			runOnlyForDeploymentPostprocessing = 0;
			shellPath = /bin/sh;
			shellScript = "\"${PODS_ROOT}/Target Support Files/Pods-ChatProject/Pods-ChatProject-frameworks.sh\"\n";
			showEnvVarsInLog = 0;
		};
		87F9E2ECC3EB3EDA878BC116 /* [CP] Check Pods Manifest.lock */ = {
			isa = PBXShellScriptBuildPhase;
			buildActionMask = 2147483647;
			files = (
			);
			inputFileListPaths = (
			);
			inputPaths = (
				"${PODS_PODFILE_DIR_PATH}/Podfile.lock",
				"${PODS_ROOT}/Manifest.lock",
			);
			name = "[CP] Check Pods Manifest.lock";
			outputFileListPaths = (
			);
			outputPaths = (
				"$(DERIVED_FILE_DIR)/Pods-ChatProject-checkManifestLockResult.txt",
			);
			runOnlyForDeploymentPostprocessing = 0;
			shellPath = /bin/sh;
			shellScript = "diff \"${PODS_PODFILE_DIR_PATH}/Podfile.lock\" \"${PODS_ROOT}/Manifest.lock\" > /dev/null\nif [ $? != 0 ] ; then\n    # print error to STDERR\n    echo \"error: The sandbox is not in sync with the Podfile.lock. Run 'pod install' or update your CocoaPods installation.\" >&2\n    exit 1\nfi\n# This output is used by Xcode 'outputs' to avoid re-running this script phase.\necho \"SUCCESS\" > \"${SCRIPT_OUTPUT_FILE_0}\"\n";
			showEnvVarsInLog = 0;
		};
		BC0A715357E6B51BBB395FFD /* [CP] Check Pods Manifest.lock */ = {
			isa = PBXShellScriptBuildPhase;
			buildActionMask = 2147483647;
			files = (
			);
			inputFileListPaths = (
			);
			inputPaths = (
				"${PODS_PODFILE_DIR_PATH}/Podfile.lock",
				"${PODS_ROOT}/Manifest.lock",
			);
			name = "[CP] Check Pods Manifest.lock";
			outputFileListPaths = (
			);
			outputPaths = (
				"$(DERIVED_FILE_DIR)/Pods-ChatProject-ChatProjectUITests-checkManifestLockResult.txt",
			);
			runOnlyForDeploymentPostprocessing = 0;
			shellPath = /bin/sh;
			shellScript = "diff \"${PODS_PODFILE_DIR_PATH}/Podfile.lock\" \"${PODS_ROOT}/Manifest.lock\" > /dev/null\nif [ $? != 0 ] ; then\n    # print error to STDERR\n    echo \"error: The sandbox is not in sync with the Podfile.lock. Run 'pod install' or update your CocoaPods installation.\" >&2\n    exit 1\nfi\n# This output is used by Xcode 'outputs' to avoid re-running this script phase.\necho \"SUCCESS\" > \"${SCRIPT_OUTPUT_FILE_0}\"\n";
			showEnvVarsInLog = 0;
		};
/* End PBXShellScriptBuildPhase section */

/* Begin PBXSourcesBuildPhase section */
		2D6A79FF29AC823F0077D68C /* Sources */ = {
			isa = PBXSourcesBuildPhase;
			buildActionMask = 2147483647;
			files = (
				2DB3EE0429ADAAA000530219 /* Extension.swift in Sources */,
				2D25A4B229B333EC00CE1870 /* CCNavigationController.swift in Sources */,
				2D6A7A5229AC85360077D68C /* CCTabBarController.swift in Sources */,
				2D25A4B029B0AEC200CE1870 /* CCBaseSubViewController.swift in Sources */,
				2D6A7A4D29AC84C00077D68C /* CCChatViewController.swift in Sources */,
				2D25A4A829AF4ADE00CE1870 /* CCNavigationBar.swift in Sources */,
				2D6A7A4F29AC84CE0077D68C /* CCMineViewController.swift in Sources */,
				2DB3EE0629ADACBA00530219 /* Macro.swift in Sources */,
				2D6A7A5429AC854E0077D68C /* CCTabBar.swift in Sources */,
				2D6A7A4929AC84920077D68C /* CCHomeViewController.swift in Sources */,
				2D25A4DB29B39B4F00CE1870 /* Http.swift in Sources */,
				2D25A4AC29B09DDA00CE1870 /* CCHomeSubViewController.swift in Sources */,
				2D25A4AA29B0722B00CE1870 /* CCPersonDetailViewController.swift in Sources */,
				2DB3EE0829ADD81400530219 /* CCBaseViewController.swift in Sources */,
				2D6A7A4B29AC84AF0077D68C /* CCDynamicViewController.swift in Sources */,
				2D6A7A5629AC861E0077D68C /* ViewController.swift in Sources */,
				2D6A7A0729AC823F0077D68C /* AppDelegate.swift in Sources */,
			);
			runOnlyForDeploymentPostprocessing = 0;
		};
		2D6A7A1529AC82410077D68C /* Sources */ = {
			isa = PBXSourcesBuildPhase;
			buildActionMask = 2147483647;
			files = (
				2D6A7A1E29AC82410077D68C /* ChatProjectTests.swift in Sources */,
			);
			runOnlyForDeploymentPostprocessing = 0;
		};
		2D6A7A1F29AC82410077D68C /* Sources */ = {
			isa = PBXSourcesBuildPhase;
			buildActionMask = 2147483647;
			files = (
				2D6A7A2A29AC82410077D68C /* ChatProjectUITestsLaunchTests.swift in Sources */,
				2D6A7A2829AC82410077D68C /* ChatProjectUITests.swift in Sources */,
			);
			runOnlyForDeploymentPostprocessing = 0;
		};
/* End PBXSourcesBuildPhase section */

/* Begin PBXTargetDependency section */
		2D6A7A1B29AC82410077D68C /* PBXTargetDependency */ = {
			isa = PBXTargetDependency;
			target = 2D6A7A0229AC823F0077D68C /* ChatProject */;
			targetProxy = 2D6A7A1A29AC82410077D68C /* PBXContainerItemProxy */;
		};
		2D6A7A2529AC82410077D68C /* PBXTargetDependency */ = {
			isa = PBXTargetDependency;
			target = 2D6A7A0229AC823F0077D68C /* ChatProject */;
			targetProxy = 2D6A7A2429AC82410077D68C /* PBXContainerItemProxy */;
		};
/* End PBXTargetDependency section */

/* Begin PBXVariantGroup section */
		2D6A7A0C29AC823F0077D68C /* Main.storyboard */ = {
			isa = PBXVariantGroup;
			children = (
				2D6A7A0D29AC823F0077D68C /* Base */,
			);
			name = Main.storyboard;
			sourceTree = "<group>";
		};
		2D6A7A1129AC82400077D68C /* LaunchScreen.storyboard */ = {
			isa = PBXVariantGroup;
			children = (
				2D6A7A1229AC82400077D68C /* Base */,
			);
			name = LaunchScreen.storyboard;
			sourceTree = "<group>";
		};
/* End PBXVariantGroup section */

/* Begin XCBuildConfiguration section */
		2D6A7A2B29AC82410077D68C /* Debug */ = {
			isa = XCBuildConfiguration;
			buildSettings = {
				ALWAYS_SEARCH_USER_PATHS = NO;
				CLANG_ANALYZER_NONNULL = YES;
				CLANG_ANALYZER_NUMBER_OBJECT_CONVERSION = YES_AGGRESSIVE;
				CLANG_CXX_LANGUAGE_STANDARD = "gnu++17";
				CLANG_ENABLE_MODULES = YES;
				CLANG_ENABLE_OBJC_ARC = YES;
				CLANG_ENABLE_OBJC_WEAK = YES;
				CLANG_WARN_BLOCK_CAPTURE_AUTORELEASING = YES;
				CLANG_WARN_BOOL_CONVERSION = YES;
				CLANG_WARN_COMMA = YES;
				CLANG_WARN_CONSTANT_CONVERSION = YES;
				CLANG_WARN_DEPRECATED_OBJC_IMPLEMENTATIONS = YES;
				CLANG_WARN_DIRECT_OBJC_ISA_USAGE = YES_ERROR;
				CLANG_WARN_DOCUMENTATION_COMMENTS = YES;
				CLANG_WARN_EMPTY_BODY = YES;
				CLANG_WARN_ENUM_CONVERSION = YES;
				CLANG_WARN_INFINITE_RECURSION = YES;
				CLANG_WARN_INT_CONVERSION = YES;
				CLANG_WARN_NON_LITERAL_NULL_CONVERSION = YES;
				CLANG_WARN_OBJC_IMPLICIT_RETAIN_SELF = YES;
				CLANG_WARN_OBJC_LITERAL_CONVERSION = YES;
				CLANG_WARN_OBJC_ROOT_CLASS = YES_ERROR;
				CLANG_WARN_QUOTED_INCLUDE_IN_FRAMEWORK_HEADER = YES;
				CLANG_WARN_RANGE_LOOP_ANALYSIS = YES;
				CLANG_WARN_STRICT_PROTOTYPES = YES;
				CLANG_WARN_SUSPICIOUS_MOVE = YES;
				CLANG_WARN_UNGUARDED_AVAILABILITY = YES_AGGRESSIVE;
				CLANG_WARN_UNREACHABLE_CODE = YES;
				CLANG_WARN__DUPLICATE_METHOD_MATCH = YES;
				COPY_PHASE_STRIP = NO;
				DEBUG_INFORMATION_FORMAT = dwarf;
				ENABLE_STRICT_OBJC_MSGSEND = YES;
				ENABLE_TESTABILITY = YES;
				GCC_C_LANGUAGE_STANDARD = gnu11;
				GCC_DYNAMIC_NO_PIC = NO;
				GCC_NO_COMMON_BLOCKS = YES;
				GCC_OPTIMIZATION_LEVEL = 0;
				GCC_PREPROCESSOR_DEFINITIONS = (
					"DEBUG=1",
					"$(inherited)",
				);
				GCC_WARN_64_TO_32_BIT_CONVERSION = YES;
				GCC_WARN_ABOUT_RETURN_TYPE = YES_ERROR;
				GCC_WARN_UNDECLARED_SELECTOR = YES;
				GCC_WARN_UNINITIALIZED_AUTOS = YES_AGGRESSIVE;
				GCC_WARN_UNUSED_FUNCTION = YES;
				GCC_WARN_UNUSED_VARIABLE = YES;
				IPHONEOS_DEPLOYMENT_TARGET = 15.5;
				MTL_ENABLE_DEBUG_INFO = INCLUDE_SOURCE;
				MTL_FAST_MATH = YES;
				ONLY_ACTIVE_ARCH = YES;
				SDKROOT = iphoneos;
				SWIFT_ACTIVE_COMPILATION_CONDITIONS = DEBUG;
				SWIFT_OPTIMIZATION_LEVEL = "-Onone";
			};
			name = Debug;
		};
		2D6A7A2C29AC82410077D68C /* Release */ = {
			isa = XCBuildConfiguration;
			buildSettings = {
				ALWAYS_SEARCH_USER_PATHS = NO;
				CLANG_ANALYZER_NONNULL = YES;
				CLANG_ANALYZER_NUMBER_OBJECT_CONVERSION = YES_AGGRESSIVE;
				CLANG_CXX_LANGUAGE_STANDARD = "gnu++17";
				CLANG_ENABLE_MODULES = YES;
				CLANG_ENABLE_OBJC_ARC = YES;
				CLANG_ENABLE_OBJC_WEAK = YES;
				CLANG_WARN_BLOCK_CAPTURE_AUTORELEASING = YES;
				CLANG_WARN_BOOL_CONVERSION = YES;
				CLANG_WARN_COMMA = YES;
				CLANG_WARN_CONSTANT_CONVERSION = YES;
				CLANG_WARN_DEPRECATED_OBJC_IMPLEMENTATIONS = YES;
				CLANG_WARN_DIRECT_OBJC_ISA_USAGE = YES_ERROR;
				CLANG_WARN_DOCUMENTATION_COMMENTS = YES;
				CLANG_WARN_EMPTY_BODY = YES;
				CLANG_WARN_ENUM_CONVERSION = YES;
				CLANG_WARN_INFINITE_RECURSION = YES;
				CLANG_WARN_INT_CONVERSION = YES;
				CLANG_WARN_NON_LITERAL_NULL_CONVERSION = YES;
				CLANG_WARN_OBJC_IMPLICIT_RETAIN_SELF = YES;
				CLANG_WARN_OBJC_LITERAL_CONVERSION = YES;
				CLANG_WARN_OBJC_ROOT_CLASS = YES_ERROR;
				CLANG_WARN_QUOTED_INCLUDE_IN_FRAMEWORK_HEADER = YES;
				CLANG_WARN_RANGE_LOOP_ANALYSIS = YES;
				CLANG_WARN_STRICT_PROTOTYPES = YES;
				CLANG_WARN_SUSPICIOUS_MOVE = YES;
				CLANG_WARN_UNGUARDED_AVAILABILITY = YES_AGGRESSIVE;
				CLANG_WARN_UNREACHABLE_CODE = YES;
				CLANG_WARN__DUPLICATE_METHOD_MATCH = YES;
				COPY_PHASE_STRIP = NO;
				DEBUG_INFORMATION_FORMAT = "dwarf-with-dsym";
				ENABLE_NS_ASSERTIONS = NO;
				ENABLE_STRICT_OBJC_MSGSEND = YES;
				GCC_C_LANGUAGE_STANDARD = gnu11;
				GCC_NO_COMMON_BLOCKS = YES;
				GCC_WARN_64_TO_32_BIT_CONVERSION = YES;
				GCC_WARN_ABOUT_RETURN_TYPE = YES_ERROR;
				GCC_WARN_UNDECLARED_SELECTOR = YES;
				GCC_WARN_UNINITIALIZED_AUTOS = YES_AGGRESSIVE;
				GCC_WARN_UNUSED_FUNCTION = YES;
				GCC_WARN_UNUSED_VARIABLE = YES;
				IPHONEOS_DEPLOYMENT_TARGET = 15.5;
				MTL_ENABLE_DEBUG_INFO = NO;
				MTL_FAST_MATH = YES;
				SDKROOT = iphoneos;
				SWIFT_COMPILATION_MODE = wholemodule;
				SWIFT_OPTIMIZATION_LEVEL = "-O";
				VALIDATE_PRODUCT = YES;
			};
			name = Release;
		};
		2D6A7A2E29AC82410077D68C /* Debug */ = {
			isa = XCBuildConfiguration;
			baseConfigurationReference = F829016677C8B8559993FE57 /* Pods-ChatProject.debug.xcconfig */;
			buildSettings = {
				ASSETCATALOG_COMPILER_APPICON_NAME = AppIcon;
				ASSETCATALOG_COMPILER_GLOBAL_ACCENT_COLOR_NAME = AccentColor;
				ASSETCATALOG_COMPILER_INCLUDE_ALL_APPICON_ASSETS = NO;
				CODE_SIGN_IDENTITY = "Apple Development";
				CODE_SIGN_STYLE = Automatic;
				CURRENT_PROJECT_VERSION = 1;
				DEVELOPMENT_TEAM = Z7D6BY4V6D;
				GENERATE_INFOPLIST_FILE = YES;
				INFOPLIST_FILE = ChatProject/Info.plist;
				INFOPLIST_KEY_UIApplicationSupportsIndirectInputEvents = YES;
				INFOPLIST_KEY_UILaunchStoryboardName = LaunchScreen;
				INFOPLIST_KEY_UIMainStoryboardFile = Main;
				INFOPLIST_KEY_UISupportedInterfaceOrientations = UIInterfaceOrientationPortrait;
				INFOPLIST_KEY_UISupportedInterfaceOrientations_iPad = "UIInterfaceOrientationPortrait UIInterfaceOrientationPortraitUpsideDown UIInterfaceOrientationLandscapeLeft UIInterfaceOrientationLandscapeRight";
				INFOPLIST_KEY_UISupportedInterfaceOrientations_iPhone = "UIInterfaceOrientationPortrait UIInterfaceOrientationLandscapeLeft UIInterfaceOrientationLandscapeRight";
				IPHONEOS_DEPLOYMENT_TARGET = 10.0;
				LD_RUNPATH_SEARCH_PATHS = (
					"$(inherited)",
					"@executable_path/Frameworks",
				);
				MARKETING_VERSION = 1.0;
				PRODUCT_BUNDLE_IDENTIFIER = com.wuxiantouping.zhou;
				PRODUCT_NAME = "$(TARGET_NAME)";
				PROVISIONING_PROFILE_SPECIFIER = "";
				SWIFT_EMIT_LOC_STRINGS = YES;
				SWIFT_VERSION = 5.0;
				TARGETED_DEVICE_FAMILY = "1,2";
			};
			name = Debug;
		};
		2D6A7A2F29AC82410077D68C /* Release */ = {
			isa = XCBuildConfiguration;
			baseConfigurationReference = E05CA0AFBB793919798C1D4C /* Pods-ChatProject.release.xcconfig */;
			buildSettings = {
				ASSETCATALOG_COMPILER_APPICON_NAME = AppIcon;
				ASSETCATALOG_COMPILER_GLOBAL_ACCENT_COLOR_NAME = AccentColor;
				ASSETCATALOG_COMPILER_INCLUDE_ALL_APPICON_ASSETS = NO;
				CODE_SIGN_IDENTITY = "iPhone Distribution";
				CODE_SIGN_STYLE = Manual;
				CURRENT_PROJECT_VERSION = 1;
				DEVELOPMENT_TEAM = 29HC48Z38S;
				GENERATE_INFOPLIST_FILE = YES;
				INFOPLIST_FILE = ChatProject/Info.plist;
				INFOPLIST_KEY_UIApplicationSupportsIndirectInputEvents = YES;
				INFOPLIST_KEY_UILaunchStoryboardName = LaunchScreen;
				INFOPLIST_KEY_UIMainStoryboardFile = Main;
				INFOPLIST_KEY_UISupportedInterfaceOrientations = UIInterfaceOrientationPortrait;
				INFOPLIST_KEY_UISupportedInterfaceOrientations_iPad = "UIInterfaceOrientationPortrait UIInterfaceOrientationPortraitUpsideDown UIInterfaceOrientationLandscapeLeft UIInterfaceOrientationLandscapeRight";
				INFOPLIST_KEY_UISupportedInterfaceOrientations_iPhone = "UIInterfaceOrientationPortrait UIInterfaceOrientationLandscapeLeft UIInterfaceOrientationLandscapeRight";
				IPHONEOS_DEPLOYMENT_TARGET = 10.0;
				LD_RUNPATH_SEARCH_PATHS = (
					"$(inherited)",
					"@executable_path/Frameworks",
				);
				MARKETING_VERSION = 1.0;
				PRODUCT_BUNDLE_IDENTIFIER = com.dljucheng.yyy;
				PRODUCT_NAME = "$(TARGET_NAME)";
				PROVISIONING_PROFILE_SPECIFIER = youyan_pro;
				SWIFT_EMIT_LOC_STRINGS = YES;
				SWIFT_VERSION = 5.0;
				TARGETED_DEVICE_FAMILY = "1,2";
			};
			name = Release;
		};
		2D6A7A3129AC82410077D68C /* Debug */ = {
			isa = XCBuildConfiguration;
			baseConfigurationReference = 25F18BE117BCCB0CB819AB09 /* Pods-ChatProjectTests.debug.xcconfig */;
			buildSettings = {
				ALWAYS_EMBED_SWIFT_STANDARD_LIBRARIES = YES;
				BUNDLE_LOADER = "$(TEST_HOST)";
				CODE_SIGN_STYLE = Automatic;
				CURRENT_PROJECT_VERSION = 1;
				GENERATE_INFOPLIST_FILE = YES;
				IPHONEOS_DEPLOYMENT_TARGET = 15.5;
				MARKETING_VERSION = 1.0;
				PRODUCT_BUNDLE_IDENTIFIER = com.seca.zhibotv.ChatProjectTests;
				PRODUCT_NAME = "$(TARGET_NAME)";
				SWIFT_EMIT_LOC_STRINGS = NO;
				SWIFT_VERSION = 5.0;
				TARGETED_DEVICE_FAMILY = "1,2";
				TEST_HOST = "$(BUILT_PRODUCTS_DIR)/ChatProject.app/ChatProject";
			};
			name = Debug;
		};
		2D6A7A3229AC82410077D68C /* Release */ = {
			isa = XCBuildConfiguration;
			baseConfigurationReference = C415FA38482446715CD1BB7C /* Pods-ChatProjectTests.release.xcconfig */;
			buildSettings = {
				ALWAYS_EMBED_SWIFT_STANDARD_LIBRARIES = YES;
				BUNDLE_LOADER = "$(TEST_HOST)";
				CODE_SIGN_STYLE = Automatic;
				CURRENT_PROJECT_VERSION = 1;
				GENERATE_INFOPLIST_FILE = YES;
				IPHONEOS_DEPLOYMENT_TARGET = 15.5;
				MARKETING_VERSION = 1.0;
				PRODUCT_BUNDLE_IDENTIFIER = com.seca.zhibotv.ChatProjectTests;
				PRODUCT_NAME = "$(TARGET_NAME)";
				SWIFT_EMIT_LOC_STRINGS = NO;
				SWIFT_VERSION = 5.0;
				TARGETED_DEVICE_FAMILY = "1,2";
				TEST_HOST = "$(BUILT_PRODUCTS_DIR)/ChatProject.app/ChatProject";
			};
			name = Release;
		};
		2D6A7A3429AC82410077D68C /* Debug */ = {
			isa = XCBuildConfiguration;
			baseConfigurationReference = 709939D397CAA38A237385E5 /* Pods-ChatProject-ChatProjectUITests.debug.xcconfig */;
			buildSettings = {
				ALWAYS_EMBED_SWIFT_STANDARD_LIBRARIES = YES;
				CODE_SIGN_STYLE = Automatic;
				CURRENT_PROJECT_VERSION = 1;
				GENERATE_INFOPLIST_FILE = YES;
				MARKETING_VERSION = 1.0;
				PRODUCT_BUNDLE_IDENTIFIER = com.seca.zhibotv.ChatProjectUITests;
				PRODUCT_NAME = "$(TARGET_NAME)";
				SWIFT_EMIT_LOC_STRINGS = NO;
				SWIFT_VERSION = 5.0;
				TARGETED_DEVICE_FAMILY = "1,2";
				TEST_TARGET_NAME = ChatProject;
			};
			name = Debug;
		};
		2D6A7A3529AC82410077D68C /* Release */ = {
			isa = XCBuildConfiguration;
			baseConfigurationReference = 8DD10B4F76F26F84547576BD /* Pods-ChatProject-ChatProjectUITests.release.xcconfig */;
			buildSettings = {
				ALWAYS_EMBED_SWIFT_STANDARD_LIBRARIES = YES;
				CODE_SIGN_STYLE = Automatic;
				CURRENT_PROJECT_VERSION = 1;
				GENERATE_INFOPLIST_FILE = YES;
				MARKETING_VERSION = 1.0;
				PRODUCT_BUNDLE_IDENTIFIER = com.seca.zhibotv.ChatProjectUITests;
				PRODUCT_NAME = "$(TARGET_NAME)";
				SWIFT_EMIT_LOC_STRINGS = NO;
				SWIFT_VERSION = 5.0;
				TARGETED_DEVICE_FAMILY = "1,2";
				TEST_TARGET_NAME = ChatProject;
			};
			name = Release;
		};
/* End XCBuildConfiguration section */

/* Begin XCConfigurationList section */
		2D6A79FE29AC823F0077D68C /* Build configuration list for PBXProject "ChatProject" */ = {
			isa = XCConfigurationList;
			buildConfigurations = (
				2D6A7A2B29AC82410077D68C /* Debug */,
				2D6A7A2C29AC82410077D68C /* Release */,
			);
			defaultConfigurationIsVisible = 0;
			defaultConfigurationName = Release;
		};
		2D6A7A2D29AC82410077D68C /* Build configuration list for PBXNativeTarget "ChatProject" */ = {
			isa = XCConfigurationList;
			buildConfigurations = (
				2D6A7A2E29AC82410077D68C /* Debug */,
				2D6A7A2F29AC82410077D68C /* Release */,
			);
			defaultConfigurationIsVisible = 0;
			defaultConfigurationName = Release;
		};
		2D6A7A3029AC82410077D68C /* Build configuration list for PBXNativeTarget "ChatProjectTests" */ = {
			isa = XCConfigurationList;
			buildConfigurations = (
				2D6A7A3129AC82410077D68C /* Debug */,
				2D6A7A3229AC82410077D68C /* Release */,
			);
			defaultConfigurationIsVisible = 0;
			defaultConfigurationName = Release;
		};
		2D6A7A3329AC82410077D68C /* Build configuration list for PBXNativeTarget "ChatProjectUITests" */ = {
			isa = XCConfigurationList;
			buildConfigurations = (
				2D6A7A3429AC82410077D68C /* Debug */,
				2D6A7A3529AC82410077D68C /* Release */,
			);
			defaultConfigurationIsVisible = 0;
			defaultConfigurationName = Release;
		};
/* End XCConfigurationList section */
	};
	rootObject = 2D6A79FB29AC823F0077D68C /* Project object */;
}
